
Microsoft Visual Studio Solution File, Format Version 12.00
# Visual Studio Version 17
VisualStudioVersion = 17.1.32210.238
MinimumVisualStudioVersion = 10.0.40219.1
Project("{FAE04EC0-301F-11D3-BF4B-00C04F79EFBC}") = "MyHelloCS31", "MyHelloCS31\MyHelloCS31.csproj", "{FCE40E57-CEDD-437B-ACC6-C3BAD000B02B}"
EndProject
Global
	GlobalSection(SolutionConfigurationPlatforms) = preSolution
		Debug|Any CPU = Debug|Any CPU
		Release|Any CPU = Release|Any CPU
	EndGlobalSection
	GlobalSection(ProjectConfigurationPlatforms) = postSolution
		{FCE40E57-CEDD-437B-ACC6-C3BAD000B02B}.Debug|Any CPU.ActiveCfg = Debug|Any CPU
		{FCE40E57-CEDD-437B-ACC6-C3BAD000B02B}.Debug|Any CPU.Build.0 = Debug|Any CPU
		{FCE40E57-CEDD-437B-ACC6-C3BAD000B02B}.Release|Any CPU.ActiveCfg = Release|Any CPU
		{FCE40E57-CEDD-437B-ACC6-C3BAD000B02B}.Release|Any CPU.Build.0 = Release|Any CPU
	EndGlobalSection
	GlobalSection(SolutionProperties) = preSolution
		HideSolutionNode = FALSE
	EndGlobalSection
	GlobalSection(ExtensibilityGlobals) = postSolution
		SolutionGuid = {3340FB6C-BF01-4452-8C0D-6ECE2F2CDF4A}
	EndGlobalSection
EndGlobal
